{
  "name": "cloud-drive",
  "lockfileVersion": 3,
  "requires": true,
  "packages": {
    "": {
      "dependencies": {
        "multer-storage-cloudinary": "^4.0.0"
      }
    },
    "node_modules/multer-storage-cloudinary": {
      "version": "4.0.0",
      "resolved": "https://registry.npmjs.org/multer-storage-cloudinary/-/multer-storage-cloudinary-4.0.0.tgz",
      "integrity": "sha512-25lm9R6o5dWrHLqLvygNX+kBOxprzpmZdnVKH4+r68WcfCt8XV6xfQaMuAg+kUE5Xmr8mJNA4gE0AcBj9FJyWA==",
      "license": "MIT",
      "peerDependencies": {
        "cloudinary": "^1.21.0"
      }
    }
  }
}
